
Microsoft Visual Studio Solution File, Format Version 12.00
Project("{FAE04EC0-301F-11D3-BF4B-00C04F79EFBC}") = "Generator", "Generator\Generator.csproj", "{E8637C45-21E7-4044-8EDC-78A7AE153AED}"
EndProject
Global
	GlobalSection(SolutionConfigurationPlatforms) = preSolution
		Debug|Any CPU = Debug|Any CPU
		Release|Any CPU = Release|Any CPU
	EndGlobalSection
	GlobalSection(ProjectConfigurationPlatforms) = postSolution
		{E8637C45-21E7-4044-8EDC-78A7AE153AED}.Debug|Any CPU.ActiveCfg = Debug|Any CPU
		{E8637C45-21E7-4044-8EDC-78A7AE153AED}.Debug|Any CPU.Build.0 = Debug|Any CPU
		{E8637C45-21E7-4044-8EDC-78A7AE153AED}.Release|Any CPU.ActiveCfg = Release|Any CPU
		{E8637C45-21E7-4044-8EDC-78A7AE153AED}.Release|Any CPU.Build.0 = Release|Any CPU
	EndGlobalSection
EndGlobal
